{
  "name": "@showings-min/sh-select",
  "version": "1.0.0",
  "lockfileVersion": 1,
  "requires": true,
  "dependencies": {
    "@showings-min/sh-modal": {
      "version": "1.0.1",
      "resolved": "https://registry.npmjs.org/@showings-min/sh-modal/-/sh-modal-1.0.1.tgz",
      "integrity": "sha512-A5UW5DNztn1CUGJeljRukjTsFnCkpD47QbAGgAzhCe6mrDYPVlkaq9tjwY7mKC7JjQUBRBB9YJHNGzAE4uKurw=="
    }
  }
}
